<?xml version="1.0" encoding="utf-8"?>
<Project ToolsVersion="4.0" xmlns="http://schemas.microsoft.com/developer/msbuild/2003">
  <ItemGroup>
    <Filter Include="Quellcodedateien">
      <UniqueIdentifier>{2db47e65-df31-485a-ba6f-62aa2bd754a0}</UniqueIdentifier>
      <Extensions>cpp;c;cxx;rc;def;r;odl;idl;hpj;bat</Extensions>
    </Filter>
    <Filter Include="Header-Dateien">
      <UniqueIdentifier>{c64b2eb7-06a9-4d37-975d-0ee3a6635c75}</UniqueIdentifier>
      <Extensions>h;hpp;hxx;hm;inl</Extensions>
    </Filter>
  </ItemGroup>
  <ItemGroup>
    <ClCompile Include="code\png.c">
      <Filter>Quellcodedateien</Filter>
    </ClCompile>
    <ClCompile Include="code\pngerror.c">
      <Filter>Quellcodedateien</Filter>
    </ClCompile>
    <ClCompile Include="code\pngget.c">
      <Filter>Quellcodedateien</Filter>
    </ClCompile>
    <ClCompile Include="code\pngmem.c">
      <Filter>Quellcodedateien</Filter>
    </ClCompile>
    <ClCompile Include="code\pngpread.c">
      <Filter>Quellcodedateien</Filter>
    </ClCompile>
    <ClCompile Include="code\pngread.c">
      <Filter>Quellcodedateien</Filter>
    </ClCompile>
    <ClCompile Include="code\pngrio.c">
      <Filter>Quellcodedateien</Filter>
    </ClCompile>
    <ClCompile Include="code\pngrtran.c">
      <Filter>Quellcodedateien</Filter>
    </ClCompile>
    <ClCompile Include="code\pngrutil.c">
      <Filter>Quellcodedateien</Filter>
    </ClCompile>
    <ClCompile Include="code\pngset.c">
      <Filter>Quellcodedateien</Filter>
    </ClCompile>
    <ClCompile Include="code\pngtrans.c">
      <Filter>Quellcodedateien</Filter>
    </ClCompile>
    <ClCompile Include="code\pngvcrd.c">
      <Filter>Quellcodedateien</Filter>
    </ClCompile>
    <ClCompile Include="code\pngwio.c">
      <Filter>Quellcodedateien</Filter>
    </ClCompile>
    <ClCompile Include="code\pngwrite.c">
      <Filter>Quellcodedateien</Filter>
    </ClCompile>
    <ClCompile Include="code\pngwtran.c">
      <Filter>Quellcodedateien</Filter>
    </ClCompile>
    <ClCompile Include="code\pngwutil.c">
      <Filter>Quellcodedateien</Filter>
    </ClCompile>
  </ItemGroup>
  <ItemGroup>
    <ClInclude Include="code\png.h">
      <Filter>Header-Dateien</Filter>
    </ClInclude>
    <ClInclude Include="code\pngconf.h">
      <Filter>Header-Dateien</Filter>
    </ClInclude>
  </ItemGroup>
</Project>