<?xml version="1.0" encoding="utf-8"?>
<Project ToolsVersion="4.0" xmlns="http://schemas.microsoft.com/developer/msbuild/2003">
  <ItemGroup>
    <Filter Include="Quellcodedateien">
      <UniqueIdentifier>{83f5b9a1-69ff-4135-8054-570da3fec258}</UniqueIdentifier>
      <Extensions>cpp;c;cxx;rc;def;r;odl;idl;hpj;bat</Extensions>
    </Filter>
    <Filter Include="Header-Dateien">
      <UniqueIdentifier>{2a12becf-2508-4864-83b3-23038888930d}</UniqueIdentifier>
      <Extensions>h;hpp;hxx;hm;inl</Extensions>
    </Filter>
  </ItemGroup>
  <ItemGroup>
    <ClCompile Include="code\adler32.c">
      <Filter>Quellcodedateien</Filter>
    </ClCompile>
    <ClCompile Include="code\compress.c">
      <Filter>Quellcodedateien</Filter>
    </ClCompile>
    <ClCompile Include="code\crc32.c">
      <Filter>Quellcodedateien</Filter>
    </ClCompile>
    <ClCompile Include="code\deflate.c">
      <Filter>Quellcodedateien</Filter>
    </ClCompile>
    <ClCompile Include="code\gzio.c">
      <Filter>Quellcodedateien</Filter>
    </ClCompile>
    <ClCompile Include="code\infback.c">
      <Filter>Quellcodedateien</Filter>
    </ClCompile>
    <ClCompile Include="code\inffast.c">
      <Filter>Quellcodedateien</Filter>
    </ClCompile>
    <ClCompile Include="code\inflate.c">
      <Filter>Quellcodedateien</Filter>
    </ClCompile>
    <ClCompile Include="code\inftrees.c">
      <Filter>Quellcodedateien</Filter>
    </ClCompile>
    <ClCompile Include="code\trees.c">
      <Filter>Quellcodedateien</Filter>
    </ClCompile>
    <ClCompile Include="code\uncompr.c">
      <Filter>Quellcodedateien</Filter>
    </ClCompile>
    <ClCompile Include="code\zutil.c">
      <Filter>Quellcodedateien</Filter>
    </ClCompile>
  </ItemGroup>
  <ItemGroup>
    <ClInclude Include="code\crc32.h">
      <Filter>Header-Dateien</Filter>
    </ClInclude>
    <ClInclude Include="code\deflate.h">
      <Filter>Header-Dateien</Filter>
    </ClInclude>
    <ClInclude Include="code\inffast.h">
      <Filter>Header-Dateien</Filter>
    </ClInclude>
    <ClInclude Include="code\inffixed.h">
      <Filter>Header-Dateien</Filter>
    </ClInclude>
    <ClInclude Include="code\inflate.h">
      <Filter>Header-Dateien</Filter>
    </ClInclude>
    <ClInclude Include="code\inftrees.h">
      <Filter>Header-Dateien</Filter>
    </ClInclude>
    <ClInclude Include="code\trees.h">
      <Filter>Header-Dateien</Filter>
    </ClInclude>
    <ClInclude Include="code\zconf.h">
      <Filter>Header-Dateien</Filter>
    </ClInclude>
    <ClInclude Include="code\zconf.in.h">
      <Filter>Header-Dateien</Filter>
    </ClInclude>
    <ClInclude Include="code\zlib.h">
      <Filter>Header-Dateien</Filter>
    </ClInclude>
    <ClInclude Include="code\zutil.h">
      <Filter>Header-Dateien</Filter>
    </ClInclude>
  </ItemGroup>
</Project>